PODS:
  - FlutterMacOS (1.0.0)
  - yad_watcher (0.0.1):
    - FlutterMacOS

DEPENDENCIES:
  - FlutterMacOS (from `Flutter/ephemeral`)
  - yad_watcher (from `Flutter/ephemeral/.symlinks/plugins/yad_watcher/macos`)

EXTERNAL SOURCES:
  FlutterMacOS:
    :path: Flutter/ephemeral
  yad_watcher:
    :path: Flutter/ephemeral/.symlinks/plugins/yad_watcher/macos

SPEC CHECKSUMS:
  FlutterMacOS: ae6af50a8ea7d6103d888583d46bd8328a7e9811
  yad_watcher: 69455370503eb1f1d54cabf9bc0db1f57a2bab48

PODFILE CHECKSUM: 6eac6b3292e5142cfc23bdeb71848a40ec51c14c

COCOAPODS: 1.11.3
